<?xml version="1.0" encoding="UTF-8"?>
<CodeBlocks_project_file>
	<FileVersion major="1" minor="6"/>
	<Project>
		<Option title="KINU"/>
		<Option makefile_is_custom="1"/>
		<Option compiler="gcc"/>
		<Option virtualFolders="CMake Files\;"/>
		<Build>
			<Target title="all">
				<Option working_dir="/Users/alexandreroulin/KINU"/>
				<Option type="4"/>
				<MakeCommands>
					<Build command="/usr/bin/make -f &quot;/Users/alexandreroulin/KINU/Makefile&quot;  VERBOSE=1 all"/>
					<CompileFile command="/usr/bin/make -f &quot;/Users/alexandreroulin/KINU/Makefile&quot;  VERBOSE=1 &quot;$file&quot;"/>
					<Clean command="/usr/bin/make -f &quot;/Users/alexandreroulin/KINU/Makefile&quot;  VERBOSE=1 clean"/>
					<DistClean command="/usr/bin/make -f &quot;/Users/alexandreroulin/KINU/Makefile&quot;  VERBOSE=1 clean"/>
				</MakeCommands>
			</Target>
			<Target title="rebuild_cache">
				<Option working_dir="/Users/alexandreroulin/KINU"/>
				<Option type="4"/>
				<MakeCommands>
					<Build command="/usr/bin/make -f &quot;/Users/alexandreroulin/KINU/Makefile&quot;  VERBOSE=1 rebuild_cache"/>
					<CompileFile command="/usr/bin/make -f &quot;/Users/alexandreroulin/KINU/Makefile&quot;  VERBOSE=1 &quot;$file&quot;"/>
					<Clean command="/usr/bin/make -f &quot;/Users/alexandreroulin/KINU/Makefile&quot;  VERBOSE=1 clean"/>
					<DistClean command="/usr/bin/make -f &quot;/Users/alexandreroulin/KINU/Makefile&quot;  VERBOSE=1 clean"/>
				</MakeCommands>
			</Target>
			<Target title="edit_cache">
				<Option working_dir="/Users/alexandreroulin/KINU"/>
				<Option type="4"/>
				<MakeCommands>
					<Build command="/usr/bin/make -f &quot;/Users/alexandreroulin/KINU/Makefile&quot;  VERBOSE=1 edit_cache"/>
					<CompileFile command="/usr/bin/make -f &quot;/Users/alexandreroulin/KINU/Makefile&quot;  VERBOSE=1 &quot;$file&quot;"/>
					<Clean command="/usr/bin/make -f &quot;/Users/alexandreroulin/KINU/Makefile&quot;  VERBOSE=1 clean"/>
					<DistClean command="/usr/bin/make -f &quot;/Users/alexandreroulin/KINU/Makefile&quot;  VERBOSE=1 clean"/>
				</MakeCommands>
			</Target>
			<Target title="KINU">
				<Option output="/Users/alexandreroulin/KINU/libKINU.a" prefix_auto="0" extension_auto="0"/>
				<Option working_dir="/Users/alexandreroulin/KINU"/>
				<Option object_output="./"/>
				<Option type="2"/>
				<Option compiler="gcc"/>
				<Compiler/>
				<MakeCommands>
					<Build command="/usr/bin/make -f &quot;/Users/alexandreroulin/KINU/Makefile&quot;  VERBOSE=1 KINU"/>
					<CompileFile command="/usr/bin/make -f &quot;/Users/alexandreroulin/KINU/Makefile&quot;  VERBOSE=1 &quot;$file&quot;"/>
					<Clean command="/usr/bin/make -f &quot;/Users/alexandreroulin/KINU/Makefile&quot;  VERBOSE=1 clean"/>
					<DistClean command="/usr/bin/make -f &quot;/Users/alexandreroulin/KINU/Makefile&quot;  VERBOSE=1 clean"/>
				</MakeCommands>
			</Target>
			<Target title="KINU/fast">
				<Option output="/Users/alexandreroulin/KINU/libKINU.a" prefix_auto="0" extension_auto="0"/>
				<Option working_dir="/Users/alexandreroulin/KINU"/>
				<Option object_output="./"/>
				<Option type="2"/>
				<Option compiler="gcc"/>
				<Compiler/>
				<MakeCommands>
					<Build command="/usr/bin/make -f &quot;/Users/alexandreroulin/KINU/Makefile&quot;  VERBOSE=1 KINU/fast"/>
					<CompileFile command="/usr/bin/make -f &quot;/Users/alexandreroulin/KINU/Makefile&quot;  VERBOSE=1 &quot;$file&quot;"/>
					<Clean command="/usr/bin/make -f &quot;/Users/alexandreroulin/KINU/Makefile&quot;  VERBOSE=1 clean"/>
					<DistClean command="/usr/bin/make -f &quot;/Users/alexandreroulin/KINU/Makefile&quot;  VERBOSE=1 clean"/>
				</MakeCommands>
			</Target>
		</Build>
		<Unit filename="/Users/alexandreroulin/KINU/Component.cpp">
			<Option target="KINU"/>
		</Unit>
		<Unit filename="/Users/alexandreroulin/KINU/Component.hpp">
			<Option target="KINU"/>
		</Unit>
		<Unit filename="/Users/alexandreroulin/KINU/Config.hpp">
			<Option target="KINU"/>
		</Unit>
		<Unit filename="/Users/alexandreroulin/KINU/Entity.cpp">
			<Option target="KINU"/>
		</Unit>
		<Unit filename="/Users/alexandreroulin/KINU/Entity.hpp">
			<Option target="KINU"/>
		</Unit>
		<Unit filename="/Users/alexandreroulin/KINU/EventsManager.cpp">
			<Option target="KINU"/>
		</Unit>
		<Unit filename="/Users/alexandreroulin/KINU/EventsManager.hpp">
			<Option target="KINU"/>
		</Unit>
		<Unit filename="/Users/alexandreroulin/KINU/Pool.hpp">
			<Option target="KINU"/>
		</Unit>
		<Unit filename="/Users/alexandreroulin/KINU/SystemsManager.cpp">
			<Option target="KINU"/>
		</Unit>
		<Unit filename="/Users/alexandreroulin/KINU/SystemsManager.hpp">
			<Option target="KINU"/>
		</Unit>
		<Unit filename="/Users/alexandreroulin/KINU/World.cpp">
			<Option target="KINU"/>
		</Unit>
		<Unit filename="/Users/alexandreroulin/KINU/World.hpp">
			<Option target="KINU"/>
		</Unit>
		<Unit filename="/Users/alexandreroulin/KINU/CMakeLists.txt">
			<Option virtualFolder="CMake Files\"/>
		</Unit>
	</Project>
</CodeBlocks_project_file>
